
Microsoft Visual Studio Solution File, Format Version 12.00
# Visual Studio 14
VisualStudioVersion = 14.0.24720.0
MinimumVisualStudioVersion = 10.0.40219.1
Project("{2150E333-8FDC-42A3-9474-1A3956D46DE8}") = "src", "src", "{231C07F7-69A9-49CE-AE3E-2C857163DBA5}"
EndProject
Project("{2150E333-8FDC-42A3-9474-1A3956D46DE8}") = "Solution Items", "Solution Items", "{BD4A30C9-7916-4FFC-AC68-6CDC5AC87758}"
	ProjectSection(SolutionItems) = preProject
		global.json = global.json
		WebEssentials2015-Settings.json = WebEssentials2015-Settings.json
	EndProjectSection
EndProject
Project("{8BB2217D-0F2D-49D1-97BC-3654ED321F3B}") = "HolidaysPlanningToolWeb", "src\HolidaysPlanningToolWeb\HolidaysPlanningToolWeb.xproj", "{4BB495C8-8168-4E45-882E-F13EB23C340D}"
EndProject
Project("{8BB2217D-0F2D-49D1-97BC-3654ED321F3B}") = "HolidaysPlanningToolAPI", "src\HolidaysPlanningToolAPI\HolidaysPlanningToolAPI.xproj", "{85FD1B06-45C3-47EE-9EBB-1FB963D3E03B}"
EndProject
Project("{2150E333-8FDC-42A3-9474-1A3956D46DE8}") = "business logic", "business logic", "{BF9CB1C0-2AC0-4653-A95C-563717084769}"
EndProject
Project("{FAE04EC0-301F-11D3-BF4B-00C04F79EFBC}") = "FileProcessingLib", "FileProcessingLib\FileProcessingLib.csproj", "{62B22C66-F908-4D1E-8A3F-3E6309652598}"
EndProject
Project("{FAE04EC0-301F-11D3-BF4B-00C04F79EFBC}") = "EmptyProject", "EmptyProject\EmptyProject.csproj", "{D2E57280-6B61-4245-92FB-9339B74BD0AF}"
EndProject
Project("{FAE04EC0-301F-11D3-BF4B-00C04F79EFBC}") = "HoolidaysPlanningToolsAPIMVC5", "HoolidaysPlanningToolsAPIMVC5\HoolidaysPlanningToolsAPIMVC5.csproj", "{318C6B03-00BE-4011-9249-535F0071E209}"
EndProject
Project("{2150E333-8FDC-42A3-9474-1A3956D46DE8}") = "data layer", "data layer", "{10A60037-F2A6-486B-8F1D-AC40F38AE8FD}"
EndProject
Project("{FAE04EC0-301F-11D3-BF4B-00C04F79EFBC}") = "UnitOfWork", "UnitOfWork\UnitOfWork.csproj", "{02868D18-57AF-4C50-916A-5089B7B1CE4C}"
EndProject
Project("{2150E333-8FDC-42A3-9474-1A3956D46DE8}") = "test", "test", "{DE426256-EE36-4BEB-AD92-43CD97EAFA2F}"
EndProject
Project("{FAE04EC0-301F-11D3-BF4B-00C04F79EFBC}") = "Test", "Test\Test.csproj", "{6B79F29E-7DF3-4212-94E8-B68AB95D233E}"
EndProject
Project("{FAE04EC0-301F-11D3-BF4B-00C04F79EFBC}") = "Models", "Models\Models.csproj", "{E9DA77CB-9B04-4337-B8F7-B7D92F7C9DF5}"
EndProject
Project("{FAE04EC0-301F-11D3-BF4B-00C04F79EFBC}") = "Repositories", "Repositories\Repositories.csproj", "{5C9F4D50-994E-4C59-A305-25493DCF225B}"
EndProject
Project("{FAE04EC0-301F-11D3-BF4B-00C04F79EFBC}") = "OwinAuth", "OwinAuth\OwinAuth.csproj", "{1FB564F2-6C51-4BE4-9F06-C65C853B26C1}"
EndProject
Global
	GlobalSection(SolutionConfigurationPlatforms) = preSolution
		Debug|Any CPU = Debug|Any CPU
		Release|Any CPU = Release|Any CPU
	EndGlobalSection
	GlobalSection(ProjectConfigurationPlatforms) = postSolution
		{4BB495C8-8168-4E45-882E-F13EB23C340D}.Debug|Any CPU.ActiveCfg = Debug|Any CPU
		{4BB495C8-8168-4E45-882E-F13EB23C340D}.Debug|Any CPU.Build.0 = Debug|Any CPU
		{4BB495C8-8168-4E45-882E-F13EB23C340D}.Release|Any CPU.ActiveCfg = Release|Any CPU
		{4BB495C8-8168-4E45-882E-F13EB23C340D}.Release|Any CPU.Build.0 = Release|Any CPU
		{85FD1B06-45C3-47EE-9EBB-1FB963D3E03B}.Debug|Any CPU.ActiveCfg = Debug|Any CPU
		{85FD1B06-45C3-47EE-9EBB-1FB963D3E03B}.Debug|Any CPU.Build.0 = Debug|Any CPU
		{85FD1B06-45C3-47EE-9EBB-1FB963D3E03B}.Release|Any CPU.ActiveCfg = Release|Any CPU
		{85FD1B06-45C3-47EE-9EBB-1FB963D3E03B}.Release|Any CPU.Build.0 = Release|Any CPU
		{62B22C66-F908-4D1E-8A3F-3E6309652598}.Debug|Any CPU.ActiveCfg = Debug|Any CPU
		{62B22C66-F908-4D1E-8A3F-3E6309652598}.Debug|Any CPU.Build.0 = Debug|Any CPU
		{62B22C66-F908-4D1E-8A3F-3E6309652598}.Release|Any CPU.ActiveCfg = Release|Any CPU
		{62B22C66-F908-4D1E-8A3F-3E6309652598}.Release|Any CPU.Build.0 = Release|Any CPU
		{D2E57280-6B61-4245-92FB-9339B74BD0AF}.Debug|Any CPU.ActiveCfg = Debug|Any CPU
		{D2E57280-6B61-4245-92FB-9339B74BD0AF}.Debug|Any CPU.Build.0 = Debug|Any CPU
		{D2E57280-6B61-4245-92FB-9339B74BD0AF}.Release|Any CPU.ActiveCfg = Release|Any CPU
		{D2E57280-6B61-4245-92FB-9339B74BD0AF}.Release|Any CPU.Build.0 = Release|Any CPU
		{318C6B03-00BE-4011-9249-535F0071E209}.Debug|Any CPU.ActiveCfg = Debug|Any CPU
		{318C6B03-00BE-4011-9249-535F0071E209}.Debug|Any CPU.Build.0 = Debug|Any CPU
		{318C6B03-00BE-4011-9249-535F0071E209}.Release|Any CPU.ActiveCfg = Release|Any CPU
		{318C6B03-00BE-4011-9249-535F0071E209}.Release|Any CPU.Build.0 = Release|Any CPU
		{02868D18-57AF-4C50-916A-5089B7B1CE4C}.Debug|Any CPU.ActiveCfg = Debug|Any CPU
		{02868D18-57AF-4C50-916A-5089B7B1CE4C}.Debug|Any CPU.Build.0 = Debug|Any CPU
		{02868D18-57AF-4C50-916A-5089B7B1CE4C}.Release|Any CPU.ActiveCfg = Release|Any CPU
		{02868D18-57AF-4C50-916A-5089B7B1CE4C}.Release|Any CPU.Build.0 = Release|Any CPU
		{6B79F29E-7DF3-4212-94E8-B68AB95D233E}.Debug|Any CPU.ActiveCfg = Debug|Any CPU
		{6B79F29E-7DF3-4212-94E8-B68AB95D233E}.Debug|Any CPU.Build.0 = Debug|Any CPU
		{6B79F29E-7DF3-4212-94E8-B68AB95D233E}.Release|Any CPU.ActiveCfg = Release|Any CPU
		{6B79F29E-7DF3-4212-94E8-B68AB95D233E}.Release|Any CPU.Build.0 = Release|Any CPU
		{E9DA77CB-9B04-4337-B8F7-B7D92F7C9DF5}.Debug|Any CPU.ActiveCfg = Debug|Any CPU
		{E9DA77CB-9B04-4337-B8F7-B7D92F7C9DF5}.Debug|Any CPU.Build.0 = Debug|Any CPU
		{E9DA77CB-9B04-4337-B8F7-B7D92F7C9DF5}.Release|Any CPU.ActiveCfg = Release|Any CPU
		{E9DA77CB-9B04-4337-B8F7-B7D92F7C9DF5}.Release|Any CPU.Build.0 = Release|Any CPU
		{5C9F4D50-994E-4C59-A305-25493DCF225B}.Debug|Any CPU.ActiveCfg = Debug|Any CPU
		{5C9F4D50-994E-4C59-A305-25493DCF225B}.Debug|Any CPU.Build.0 = Debug|Any CPU
		{5C9F4D50-994E-4C59-A305-25493DCF225B}.Release|Any CPU.ActiveCfg = Release|Any CPU
		{5C9F4D50-994E-4C59-A305-25493DCF225B}.Release|Any CPU.Build.0 = Release|Any CPU
		{1FB564F2-6C51-4BE4-9F06-C65C853B26C1}.Debug|Any CPU.ActiveCfg = Debug|Any CPU
		{1FB564F2-6C51-4BE4-9F06-C65C853B26C1}.Debug|Any CPU.Build.0 = Debug|Any CPU
		{1FB564F2-6C51-4BE4-9F06-C65C853B26C1}.Release|Any CPU.ActiveCfg = Release|Any CPU
		{1FB564F2-6C51-4BE4-9F06-C65C853B26C1}.Release|Any CPU.Build.0 = Release|Any CPU
	EndGlobalSection
	GlobalSection(SolutionProperties) = preSolution
		HideSolutionNode = FALSE
	EndGlobalSection
	GlobalSection(NestedProjects) = preSolution
		{4BB495C8-8168-4E45-882E-F13EB23C340D} = {231C07F7-69A9-49CE-AE3E-2C857163DBA5}
		{85FD1B06-45C3-47EE-9EBB-1FB963D3E03B} = {231C07F7-69A9-49CE-AE3E-2C857163DBA5}
		{BF9CB1C0-2AC0-4653-A95C-563717084769} = {231C07F7-69A9-49CE-AE3E-2C857163DBA5}
		{62B22C66-F908-4D1E-8A3F-3E6309652598} = {BF9CB1C0-2AC0-4653-A95C-563717084769}
		{D2E57280-6B61-4245-92FB-9339B74BD0AF} = {BF9CB1C0-2AC0-4653-A95C-563717084769}
		{318C6B03-00BE-4011-9249-535F0071E209} = {231C07F7-69A9-49CE-AE3E-2C857163DBA5}
		{10A60037-F2A6-486B-8F1D-AC40F38AE8FD} = {231C07F7-69A9-49CE-AE3E-2C857163DBA5}
		{02868D18-57AF-4C50-916A-5089B7B1CE4C} = {10A60037-F2A6-486B-8F1D-AC40F38AE8FD}
		{DE426256-EE36-4BEB-AD92-43CD97EAFA2F} = {231C07F7-69A9-49CE-AE3E-2C857163DBA5}
		{6B79F29E-7DF3-4212-94E8-B68AB95D233E} = {DE426256-EE36-4BEB-AD92-43CD97EAFA2F}
		{E9DA77CB-9B04-4337-B8F7-B7D92F7C9DF5} = {10A60037-F2A6-486B-8F1D-AC40F38AE8FD}
		{5C9F4D50-994E-4C59-A305-25493DCF225B} = {10A60037-F2A6-486B-8F1D-AC40F38AE8FD}
		{1FB564F2-6C51-4BE4-9F06-C65C853B26C1} = {10A60037-F2A6-486B-8F1D-AC40F38AE8FD}
	EndGlobalSection
EndGlobal
