
Microsoft Visual Studio Solution File, Format Version 12.00
# Visual Studio 14
VisualStudioVersion = 14.0.24720.0
MinimumVisualStudioVersion = 10.0.40219.1
Project("{2150E333-8FDC-42A3-9474-1A3956D46DE8}") = "src", "src", "{231C07F7-69A9-49CE-AE3E-2C857163DBA5}"
EndProject
Project("{2150E333-8FDC-42A3-9474-1A3956D46DE8}") = "Solution Items", "Solution Items", "{BD4A30C9-7916-4FFC-AC68-6CDC5AC87758}"
	ProjectSection(SolutionItems) = preProject
		global.json = global.json
		WebEssentials2015-Settings.json = WebEssentials2015-Settings.json
	EndProjectSection
EndProject
Project("{8BB2217D-0F2D-49D1-97BC-3654ED321F3B}") = "HolidaysPlanningToolWeb", "src\HolidaysPlanningToolWeb\HolidaysPlanningToolWeb.xproj", "{4BB495C8-8168-4E45-882E-F13EB23C340D}"
EndProject
Project("{8BB2217D-0F2D-49D1-97BC-3654ED321F3B}") = "HolidaysPlanningToolAPI", "src\HolidaysPlanningToolAPI\HolidaysPlanningToolAPI.xproj", "{85FD1B06-45C3-47EE-9EBB-1FB963D3E03B}"
EndProject
Project("{2150E333-8FDC-42A3-9474-1A3956D46DE8}") = "business logic", "business logic", "{BF9CB1C0-2AC0-4653-A95C-563717084769}"
EndProject
Project("{FAE04EC0-301F-11D3-BF4B-00C04F79EFBC}") = "FileProcessingLib", "FileProcessingLib\FileProcessingLib.csproj", "{62B22C66-F908-4D1E-8A3F-3E6309652598}"
EndProject
Project("{FAE04EC0-301F-11D3-BF4B-00C04F79EFBC}") = "EmptyProject", "EmptyProject\EmptyProject.csproj", "{D2E57280-6B61-4245-92FB-9339B74BD0AF}"
EndProject
Project("{FAE04EC0-301F-11D3-BF4B-00C04F79EFBC}") = "HoolidaysPlanningToolsAPIMVC5", "HoolidaysPlanningToolsAPIMVC5\HoolidaysPlanningToolsAPIMVC5.csproj", "{318C6B03-00BE-4011-9249-535F0071E209}"
EndProject
Global
	GlobalSection(SolutionConfigurationPlatforms) = preSolution
		Debug|Any CPU = Debug|Any CPU
		Release|Any CPU = Release|Any CPU
	EndGlobalSection
	GlobalSection(ProjectConfigurationPlatforms) = postSolution
		{4BB495C8-8168-4E45-882E-F13EB23C340D}.Debug|Any CPU.ActiveCfg = Debug|Any CPU
		{4BB495C8-8168-4E45-882E-F13EB23C340D}.Debug|Any CPU.Build.0 = Debug|Any CPU
		{4BB495C8-8168-4E45-882E-F13EB23C340D}.Release|Any CPU.ActiveCfg = Release|Any CPU
		{4BB495C8-8168-4E45-882E-F13EB23C340D}.Release|Any CPU.Build.0 = Release|Any CPU
		{85FD1B06-45C3-47EE-9EBB-1FB963D3E03B}.Debug|Any CPU.ActiveCfg = Debug|Any CPU
		{85FD1B06-45C3-47EE-9EBB-1FB963D3E03B}.Debug|Any CPU.Build.0 = Debug|Any CPU
		{85FD1B06-45C3-47EE-9EBB-1FB963D3E03B}.Release|Any CPU.ActiveCfg = Release|Any CPU
		{85FD1B06-45C3-47EE-9EBB-1FB963D3E03B}.Release|Any CPU.Build.0 = Release|Any CPU
		{62B22C66-F908-4D1E-8A3F-3E6309652598}.Debug|Any CPU.ActiveCfg = Debug|Any CPU
		{62B22C66-F908-4D1E-8A3F-3E6309652598}.Debug|Any CPU.Build.0 = Debug|Any CPU
		{62B22C66-F908-4D1E-8A3F-3E6309652598}.Release|Any CPU.ActiveCfg = Release|Any CPU
		{62B22C66-F908-4D1E-8A3F-3E6309652598}.Release|Any CPU.Build.0 = Release|Any CPU
		{D2E57280-6B61-4245-92FB-9339B74BD0AF}.Debug|Any CPU.ActiveCfg = Debug|Any CPU
		{D2E57280-6B61-4245-92FB-9339B74BD0AF}.Debug|Any CPU.Build.0 = Debug|Any CPU
		{D2E57280-6B61-4245-92FB-9339B74BD0AF}.Release|Any CPU.ActiveCfg = Release|Any CPU
		{D2E57280-6B61-4245-92FB-9339B74BD0AF}.Release|Any CPU.Build.0 = Release|Any CPU
		{318C6B03-00BE-4011-9249-535F0071E209}.Debug|Any CPU.ActiveCfg = Debug|Any CPU
		{318C6B03-00BE-4011-9249-535F0071E209}.Debug|Any CPU.Build.0 = Debug|Any CPU
		{318C6B03-00BE-4011-9249-535F0071E209}.Release|Any CPU.ActiveCfg = Release|Any CPU
		{318C6B03-00BE-4011-9249-535F0071E209}.Release|Any CPU.Build.0 = Release|Any CPU
	EndGlobalSection
	GlobalSection(SolutionProperties) = preSolution
		HideSolutionNode = FALSE
	EndGlobalSection
	GlobalSection(NestedProjects) = preSolution
		{4BB495C8-8168-4E45-882E-F13EB23C340D} = {231C07F7-69A9-49CE-AE3E-2C857163DBA5}
		{85FD1B06-45C3-47EE-9EBB-1FB963D3E03B} = {231C07F7-69A9-49CE-AE3E-2C857163DBA5}
		{BF9CB1C0-2AC0-4653-A95C-563717084769} = {231C07F7-69A9-49CE-AE3E-2C857163DBA5}
		{62B22C66-F908-4D1E-8A3F-3E6309652598} = {BF9CB1C0-2AC0-4653-A95C-563717084769}
		{D2E57280-6B61-4245-92FB-9339B74BD0AF} = {BF9CB1C0-2AC0-4653-A95C-563717084769}
		{318C6B03-00BE-4011-9249-535F0071E209} = {231C07F7-69A9-49CE-AE3E-2C857163DBA5}
	EndGlobalSection
EndGlobal
