
Microsoft Visual Studio Solution File, Format Version 12.00
# Visual Studio 14
VisualStudioVersion = 14.0.24720.0
MinimumVisualStudioVersion = 10.0.40219.1
Project("{2150E333-8FDC-42A3-9474-1A3956D46DE8}") = "src", "src", "{231C07F7-69A9-49CE-AE3E-2C857163DBA5}"
EndProject
Project("{2150E333-8FDC-42A3-9474-1A3956D46DE8}") = "Solution Items", "Solution Items", "{BD4A30C9-7916-4FFC-AC68-6CDC5AC87758}"
	ProjectSection(SolutionItems) = preProject
		global.json = global.json
		WebEssentials2015-Settings.json = WebEssentials2015-Settings.json
	EndProjectSection
EndProject
Project("{8BB2217D-0F2D-49D1-97BC-3654ED321F3B}") = "HolidaysPlanningToolWeb", "src\HolidaysPlanningToolWeb\HolidaysPlanningToolWeb.xproj", "{4BB495C8-8168-4E45-882E-F13EB23C340D}"
EndProject
Project("{8BB2217D-0F2D-49D1-97BC-3654ED321F3B}") = "HolidaysPlanningToolAPI", "src\HolidaysPlanningToolAPI\HolidaysPlanningToolAPI.xproj", "{85FD1B06-45C3-47EE-9EBB-1FB963D3E03B}"
EndProject
Project("{2150E333-8FDC-42A3-9474-1A3956D46DE8}") = "Reprezentacinis sluoksnis", "Reprezentacinis sluoksnis", "{BF9CB1C0-2AC0-4653-A95C-563717084769}"
EndProject
Project("{FAE04EC0-301F-11D3-BF4B-00C04F79EFBC}") = "FileProcessingLib", "FileProcessingLib\FileProcessingLib.csproj", "{62B22C66-F908-4D1E-8A3F-3E6309652598}"
EndProject
Project("{FAE04EC0-301F-11D3-BF4B-00C04F79EFBC}") = "HoolidaysPlanningToolsAPIMVC5", "HoolidaysPlanningToolsAPIMVC5\HoolidaysPlanningToolsAPIMVC5.csproj", "{318C6B03-00BE-4011-9249-535F0071E209}"
EndProject
Project("{2150E333-8FDC-42A3-9474-1A3956D46DE8}") = "Duomenų sluoksnis", "Duomenų sluoksnis", "{10A60037-F2A6-486B-8F1D-AC40F38AE8FD}"
EndProject
Project("{2150E333-8FDC-42A3-9474-1A3956D46DE8}") = "test", "test", "{DE426256-EE36-4BEB-AD92-43CD97EAFA2F}"
EndProject
Project("{FAE04EC0-301F-11D3-BF4B-00C04F79EFBC}") = "Test", "Test\Test.csproj", "{6B79F29E-7DF3-4212-94E8-B68AB95D233E}"
EndProject
Project("{FAE04EC0-301F-11D3-BF4B-00C04F79EFBC}") = "Models", "Models\Models.csproj", "{E9DA77CB-9B04-4337-B8F7-B7D92F7C9DF5}"
EndProject
Project("{FAE04EC0-301F-11D3-BF4B-00C04F79EFBC}") = "Repositories", "Repositories\Repositories.csproj", "{5C9F4D50-994E-4C59-A305-25493DCF225B}"
EndProject
Project("{FAE04EC0-301F-11D3-BF4B-00C04F79EFBC}") = "OwinAuth", "OwinAuth\OwinAuth.csproj", "{1FB564F2-6C51-4BE4-9F06-C65C853B26C1}"
EndProject
Project("{FAE04EC0-301F-11D3-BF4B-00C04F79EFBC}") = "Services", "Services\Services.csproj", "{E638B0B3-733A-4397-B2C3-CEF6F20127A8}"
EndProject
Project("{FAE04EC0-301F-11D3-BF4B-00C04F79EFBC}") = "Constants", "Constants\Constants.csproj", "{4B0BBAD5-E4BE-43EF-990F-655E44AB5FD2}"
EndProject
Project("{FAE04EC0-301F-11D3-BF4B-00C04F79EFBC}") = "GoogleImageParser", "GoogleImageParser\GoogleImageParser.csproj", "{EEADE495-5A42-4982-9B8A-44F54BC875E2}"
EndProject
Project("{FAE04EC0-301F-11D3-BF4B-00C04F79EFBC}") = "TravelsDatabaseContext", "TravelsDatabaseContext\TravelsDatabaseContext.csproj", "{02868D18-57AF-4C50-916A-5089B7B1CE4C}"
EndProject
Project("{FAE04EC0-301F-11D3-BF4B-00C04F79EFBC}") = "UnitOfWork", "UnitOfWork\UnitOfWork.csproj", "{F2D33271-D258-419A-ACF7-0EE76DFDF647}"
EndProject
Project("{FAE04EC0-301F-11D3-BF4B-00C04F79EFBC}") = "IUnitOfWork", "IUnitOfWork\IUnitOfWork.csproj", "{B7BFEE4A-7D48-435C-9C82-F824083A99D9}"
EndProject
Project("{FAE04EC0-301F-11D3-BF4B-00C04F79EFBC}") = "IRepositories", "IRepositories\IRepositories.csproj", "{B068ECC2-555A-469B-A5EF-7DAC8E579FA6}"
EndProject
Project("{FAE04EC0-301F-11D3-BF4B-00C04F79EFBC}") = "IServices", "IServices\IServices.csproj", "{C1E8F554-377E-44CA-86DF-7B9A2BB39B55}"
EndProject
Project("{FAE04EC0-301F-11D3-BF4B-00C04F79EFBC}") = "IMisc", "IMisc\IMisc.csproj", "{24514B86-6D34-4695-AAAE-8C48F05D3263}"
EndProject
Project("{2150E333-8FDC-42A3-9474-1A3956D46DE8}") = "Servisų sluoksnis", "Servisų sluoksnis", "{53AE824D-886C-4791-B64B-B4540EB6CCCC}"
EndProject
Global
	GlobalSection(SolutionConfigurationPlatforms) = preSolution
		Debug|Any CPU = Debug|Any CPU
		Release|Any CPU = Release|Any CPU
	EndGlobalSection
	GlobalSection(ProjectConfigurationPlatforms) = postSolution
		{4BB495C8-8168-4E45-882E-F13EB23C340D}.Debug|Any CPU.ActiveCfg = Debug|Any CPU
		{4BB495C8-8168-4E45-882E-F13EB23C340D}.Debug|Any CPU.Build.0 = Debug|Any CPU
		{4BB495C8-8168-4E45-882E-F13EB23C340D}.Release|Any CPU.ActiveCfg = Release|Any CPU
		{4BB495C8-8168-4E45-882E-F13EB23C340D}.Release|Any CPU.Build.0 = Release|Any CPU
		{85FD1B06-45C3-47EE-9EBB-1FB963D3E03B}.Debug|Any CPU.ActiveCfg = Debug|Any CPU
		{85FD1B06-45C3-47EE-9EBB-1FB963D3E03B}.Debug|Any CPU.Build.0 = Debug|Any CPU
		{85FD1B06-45C3-47EE-9EBB-1FB963D3E03B}.Release|Any CPU.ActiveCfg = Release|Any CPU
		{85FD1B06-45C3-47EE-9EBB-1FB963D3E03B}.Release|Any CPU.Build.0 = Release|Any CPU
		{62B22C66-F908-4D1E-8A3F-3E6309652598}.Debug|Any CPU.ActiveCfg = Debug|Any CPU
		{62B22C66-F908-4D1E-8A3F-3E6309652598}.Debug|Any CPU.Build.0 = Debug|Any CPU
		{62B22C66-F908-4D1E-8A3F-3E6309652598}.Release|Any CPU.ActiveCfg = Release|Any CPU
		{62B22C66-F908-4D1E-8A3F-3E6309652598}.Release|Any CPU.Build.0 = Release|Any CPU
		{318C6B03-00BE-4011-9249-535F0071E209}.Debug|Any CPU.ActiveCfg = Debug|Any CPU
		{318C6B03-00BE-4011-9249-535F0071E209}.Debug|Any CPU.Build.0 = Debug|Any CPU
		{318C6B03-00BE-4011-9249-535F0071E209}.Release|Any CPU.ActiveCfg = Release|Any CPU
		{318C6B03-00BE-4011-9249-535F0071E209}.Release|Any CPU.Build.0 = Release|Any CPU
		{6B79F29E-7DF3-4212-94E8-B68AB95D233E}.Debug|Any CPU.ActiveCfg = Debug|Any CPU
		{6B79F29E-7DF3-4212-94E8-B68AB95D233E}.Debug|Any CPU.Build.0 = Debug|Any CPU
		{6B79F29E-7DF3-4212-94E8-B68AB95D233E}.Release|Any CPU.ActiveCfg = Release|Any CPU
		{6B79F29E-7DF3-4212-94E8-B68AB95D233E}.Release|Any CPU.Build.0 = Release|Any CPU
		{E9DA77CB-9B04-4337-B8F7-B7D92F7C9DF5}.Debug|Any CPU.ActiveCfg = Debug|Any CPU
		{E9DA77CB-9B04-4337-B8F7-B7D92F7C9DF5}.Debug|Any CPU.Build.0 = Debug|Any CPU
		{E9DA77CB-9B04-4337-B8F7-B7D92F7C9DF5}.Release|Any CPU.ActiveCfg = Release|Any CPU
		{E9DA77CB-9B04-4337-B8F7-B7D92F7C9DF5}.Release|Any CPU.Build.0 = Release|Any CPU
		{5C9F4D50-994E-4C59-A305-25493DCF225B}.Debug|Any CPU.ActiveCfg = Debug|Any CPU
		{5C9F4D50-994E-4C59-A305-25493DCF225B}.Debug|Any CPU.Build.0 = Debug|Any CPU
		{5C9F4D50-994E-4C59-A305-25493DCF225B}.Release|Any CPU.ActiveCfg = Release|Any CPU
		{5C9F4D50-994E-4C59-A305-25493DCF225B}.Release|Any CPU.Build.0 = Release|Any CPU
		{1FB564F2-6C51-4BE4-9F06-C65C853B26C1}.Debug|Any CPU.ActiveCfg = Debug|Any CPU
		{1FB564F2-6C51-4BE4-9F06-C65C853B26C1}.Debug|Any CPU.Build.0 = Debug|Any CPU
		{1FB564F2-6C51-4BE4-9F06-C65C853B26C1}.Release|Any CPU.ActiveCfg = Release|Any CPU
		{1FB564F2-6C51-4BE4-9F06-C65C853B26C1}.Release|Any CPU.Build.0 = Release|Any CPU
		{E638B0B3-733A-4397-B2C3-CEF6F20127A8}.Debug|Any CPU.ActiveCfg = Debug|Any CPU
		{E638B0B3-733A-4397-B2C3-CEF6F20127A8}.Debug|Any CPU.Build.0 = Debug|Any CPU
		{E638B0B3-733A-4397-B2C3-CEF6F20127A8}.Release|Any CPU.ActiveCfg = Release|Any CPU
		{E638B0B3-733A-4397-B2C3-CEF6F20127A8}.Release|Any CPU.Build.0 = Release|Any CPU
		{4B0BBAD5-E4BE-43EF-990F-655E44AB5FD2}.Debug|Any CPU.ActiveCfg = Debug|Any CPU
		{4B0BBAD5-E4BE-43EF-990F-655E44AB5FD2}.Debug|Any CPU.Build.0 = Debug|Any CPU
		{4B0BBAD5-E4BE-43EF-990F-655E44AB5FD2}.Release|Any CPU.ActiveCfg = Release|Any CPU
		{4B0BBAD5-E4BE-43EF-990F-655E44AB5FD2}.Release|Any CPU.Build.0 = Release|Any CPU
		{EEADE495-5A42-4982-9B8A-44F54BC875E2}.Debug|Any CPU.ActiveCfg = Debug|Any CPU
		{EEADE495-5A42-4982-9B8A-44F54BC875E2}.Debug|Any CPU.Build.0 = Debug|Any CPU
		{EEADE495-5A42-4982-9B8A-44F54BC875E2}.Release|Any CPU.ActiveCfg = Release|Any CPU
		{EEADE495-5A42-4982-9B8A-44F54BC875E2}.Release|Any CPU.Build.0 = Release|Any CPU
		{02868D18-57AF-4C50-916A-5089B7B1CE4C}.Debug|Any CPU.ActiveCfg = Debug|Any CPU
		{02868D18-57AF-4C50-916A-5089B7B1CE4C}.Debug|Any CPU.Build.0 = Debug|Any CPU
		{02868D18-57AF-4C50-916A-5089B7B1CE4C}.Release|Any CPU.ActiveCfg = Release|Any CPU
		{02868D18-57AF-4C50-916A-5089B7B1CE4C}.Release|Any CPU.Build.0 = Release|Any CPU
		{F2D33271-D258-419A-ACF7-0EE76DFDF647}.Debug|Any CPU.ActiveCfg = Debug|Any CPU
		{F2D33271-D258-419A-ACF7-0EE76DFDF647}.Debug|Any CPU.Build.0 = Debug|Any CPU
		{F2D33271-D258-419A-ACF7-0EE76DFDF647}.Release|Any CPU.ActiveCfg = Release|Any CPU
		{F2D33271-D258-419A-ACF7-0EE76DFDF647}.Release|Any CPU.Build.0 = Release|Any CPU
		{B7BFEE4A-7D48-435C-9C82-F824083A99D9}.Debug|Any CPU.ActiveCfg = Debug|Any CPU
		{B7BFEE4A-7D48-435C-9C82-F824083A99D9}.Debug|Any CPU.Build.0 = Debug|Any CPU
		{B7BFEE4A-7D48-435C-9C82-F824083A99D9}.Release|Any CPU.ActiveCfg = Release|Any CPU
		{B7BFEE4A-7D48-435C-9C82-F824083A99D9}.Release|Any CPU.Build.0 = Release|Any CPU
		{B068ECC2-555A-469B-A5EF-7DAC8E579FA6}.Debug|Any CPU.ActiveCfg = Debug|Any CPU
		{B068ECC2-555A-469B-A5EF-7DAC8E579FA6}.Debug|Any CPU.Build.0 = Debug|Any CPU
		{B068ECC2-555A-469B-A5EF-7DAC8E579FA6}.Release|Any CPU.ActiveCfg = Release|Any CPU
		{B068ECC2-555A-469B-A5EF-7DAC8E579FA6}.Release|Any CPU.Build.0 = Release|Any CPU
		{C1E8F554-377E-44CA-86DF-7B9A2BB39B55}.Debug|Any CPU.ActiveCfg = Debug|Any CPU
		{C1E8F554-377E-44CA-86DF-7B9A2BB39B55}.Debug|Any CPU.Build.0 = Debug|Any CPU
		{C1E8F554-377E-44CA-86DF-7B9A2BB39B55}.Release|Any CPU.ActiveCfg = Release|Any CPU
		{C1E8F554-377E-44CA-86DF-7B9A2BB39B55}.Release|Any CPU.Build.0 = Release|Any CPU
		{24514B86-6D34-4695-AAAE-8C48F05D3263}.Debug|Any CPU.ActiveCfg = Debug|Any CPU
		{24514B86-6D34-4695-AAAE-8C48F05D3263}.Debug|Any CPU.Build.0 = Debug|Any CPU
		{24514B86-6D34-4695-AAAE-8C48F05D3263}.Release|Any CPU.ActiveCfg = Release|Any CPU
		{24514B86-6D34-4695-AAAE-8C48F05D3263}.Release|Any CPU.Build.0 = Release|Any CPU
	EndGlobalSection
	GlobalSection(SolutionProperties) = preSolution
		HideSolutionNode = FALSE
	EndGlobalSection
	GlobalSection(NestedProjects) = preSolution
		{4BB495C8-8168-4E45-882E-F13EB23C340D} = {BF9CB1C0-2AC0-4653-A95C-563717084769}
		{85FD1B06-45C3-47EE-9EBB-1FB963D3E03B} = {231C07F7-69A9-49CE-AE3E-2C857163DBA5}
		{BF9CB1C0-2AC0-4653-A95C-563717084769} = {231C07F7-69A9-49CE-AE3E-2C857163DBA5}
		{62B22C66-F908-4D1E-8A3F-3E6309652598} = {53AE824D-886C-4791-B64B-B4540EB6CCCC}
		{318C6B03-00BE-4011-9249-535F0071E209} = {BF9CB1C0-2AC0-4653-A95C-563717084769}
		{10A60037-F2A6-486B-8F1D-AC40F38AE8FD} = {231C07F7-69A9-49CE-AE3E-2C857163DBA5}
		{DE426256-EE36-4BEB-AD92-43CD97EAFA2F} = {231C07F7-69A9-49CE-AE3E-2C857163DBA5}
		{6B79F29E-7DF3-4212-94E8-B68AB95D233E} = {DE426256-EE36-4BEB-AD92-43CD97EAFA2F}
		{E9DA77CB-9B04-4337-B8F7-B7D92F7C9DF5} = {10A60037-F2A6-486B-8F1D-AC40F38AE8FD}
		{5C9F4D50-994E-4C59-A305-25493DCF225B} = {10A60037-F2A6-486B-8F1D-AC40F38AE8FD}
		{1FB564F2-6C51-4BE4-9F06-C65C853B26C1} = {10A60037-F2A6-486B-8F1D-AC40F38AE8FD}
		{E638B0B3-733A-4397-B2C3-CEF6F20127A8} = {53AE824D-886C-4791-B64B-B4540EB6CCCC}
		{4B0BBAD5-E4BE-43EF-990F-655E44AB5FD2} = {10A60037-F2A6-486B-8F1D-AC40F38AE8FD}
		{EEADE495-5A42-4982-9B8A-44F54BC875E2} = {53AE824D-886C-4791-B64B-B4540EB6CCCC}
		{02868D18-57AF-4C50-916A-5089B7B1CE4C} = {10A60037-F2A6-486B-8F1D-AC40F38AE8FD}
		{F2D33271-D258-419A-ACF7-0EE76DFDF647} = {53AE824D-886C-4791-B64B-B4540EB6CCCC}
		{B7BFEE4A-7D48-435C-9C82-F824083A99D9} = {231C07F7-69A9-49CE-AE3E-2C857163DBA5}
		{B068ECC2-555A-469B-A5EF-7DAC8E579FA6} = {10A60037-F2A6-486B-8F1D-AC40F38AE8FD}
		{C1E8F554-377E-44CA-86DF-7B9A2BB39B55} = {53AE824D-886C-4791-B64B-B4540EB6CCCC}
		{24514B86-6D34-4695-AAAE-8C48F05D3263} = {53AE824D-886C-4791-B64B-B4540EB6CCCC}
		{53AE824D-886C-4791-B64B-B4540EB6CCCC} = {231C07F7-69A9-49CE-AE3E-2C857163DBA5}
	EndGlobalSection
EndGlobal
